// !$*UTF8*$!
{
	archiveVersion = 1;
	classes = {
	};
	objectVersion = 50;
	objects = {

/* Begin PBXBuildFile section */
		1820B9F825FEF28A00C89FBF /* FeatureUtil.cpp in Sources */ = {isa = PBXBuildFile; fileRef = 1820B9F625FEF28A00C89FBF /* FeatureUtil.cpp */; };
		1820B9F925FEF28A00C89FBF /* FeatureUtil.hpp in Headers */ = {isa = PBXBuildFile; fileRef = 1820B9F725FEF28A00C89FBF /* FeatureUtil.hpp */; };
		1820B9FC25FEFC9800C89FBF /* StereoUtil.cpp in Sources */ = {isa = PBXBuildFile; fileRef = 1820B9FA25FEFC9800C89FBF /* StereoUtil.cpp */; };
		1820B9FD25FEFC9800C89FBF /* StereoUtil.hpp in Headers */ = {isa = PBXBuildFile; fileRef = 1820B9FB25FEFC9800C89FBF /* StereoUtil.hpp */; };
		1839AC602606E3C10080F75A /* libopencv_calib3d.4.5.2.dylib in Frameworks */ = {isa = PBXBuildFile; fileRef = 18E9AC6825FEE81F00DEAE8F /* libopencv_calib3d.4.5.2.dylib */; };
		1839AC622606E3C10080F75A /* libopencv_core.4.5.2.dylib in Frameworks */ = {isa = PBXBuildFile; fileRef = 18E9AC6625FEE81F00DEAE8F /* libopencv_core.4.5.2.dylib */; };
		1839AC642606E3C10080F75A /* libopencv_features2d.4.5.2.dylib in Frameworks */ = {isa = PBXBuildFile; fileRef = 18E9AC6925FEE81F00DEAE8F /* libopencv_features2d.4.5.2.dylib */; };
		1839AC662606E3C10080F75A /* libopencv_highgui.4.5.2.dylib in Frameworks */ = {isa = PBXBuildFile; fileRef = 18E9AC6A25FEE81F00DEAE8F /* libopencv_highgui.4.5.2.dylib */; };
		1839AC682606E3C10080F75A /* libopencv_imgcodecs.4.5.2.dylib in Frameworks */ = {isa = PBXBuildFile; fileRef = 18E9AC6725FEE81F00DEAE8F /* libopencv_imgcodecs.4.5.2.dylib */; };
		1839AC6A2606E3C10080F75A /* libopencv_imgproc.4.5.2.dylib in Frameworks */ = {isa = PBXBuildFile; fileRef = 18E9AC6B25FEE81F00DEAE8F /* libopencv_imgproc.4.5.2.dylib */; };
		1839AC702606E4100080F75A /* libopencv_calib3d.4.5.2.dylib in Embed Libraries */ = {isa = PBXBuildFile; fileRef = 18E9AC6825FEE81F00DEAE8F /* libopencv_calib3d.4.5.2.dylib */; settings = {ATTRIBUTES = (CodeSignOnCopy, ); }; };
		1839AC712606E4100080F75A /* libopencv_core.4.5.2.dylib in Embed Libraries */ = {isa = PBXBuildFile; fileRef = 18E9AC6625FEE81F00DEAE8F /* libopencv_core.4.5.2.dylib */; settings = {ATTRIBUTES = (CodeSignOnCopy, ); }; };
		1839AC722606E4100080F75A /* libopencv_features2d.4.5.2.dylib in Embed Libraries */ = {isa = PBXBuildFile; fileRef = 18E9AC6925FEE81F00DEAE8F /* libopencv_features2d.4.5.2.dylib */; settings = {ATTRIBUTES = (CodeSignOnCopy, ); }; };
		1839AC732606E4100080F75A /* libopencv_flann.4.5.2.dylib in Embed Libraries */ = {isa = PBXBuildFile; fileRef = 18E9AC6C25FEE81F00DEAE8F /* libopencv_flann.4.5.2.dylib */; settings = {ATTRIBUTES = (CodeSignOnCopy, ); }; };
		1839AC742606E4100080F75A /* libopencv_highgui.4.5.2.dylib in Embed Libraries */ = {isa = PBXBuildFile; fileRef = 18E9AC6A25FEE81F00DEAE8F /* libopencv_highgui.4.5.2.dylib */; settings = {ATTRIBUTES = (CodeSignOnCopy, ); }; };
		1839AC752606E4100080F75A /* libopencv_imgcodecs.4.5.2.dylib in Embed Libraries */ = {isa = PBXBuildFile; fileRef = 18E9AC6725FEE81F00DEAE8F /* libopencv_imgcodecs.4.5.2.dylib */; settings = {ATTRIBUTES = (CodeSignOnCopy, ); }; };
		1839AC762606E4100080F75A /* libopencv_imgproc.4.5.2.dylib in Embed Libraries */ = {isa = PBXBuildFile; fileRef = 18E9AC6B25FEE81F00DEAE8F /* libopencv_imgproc.4.5.2.dylib */; settings = {ATTRIBUTES = (CodeSignOnCopy, ); }; };
		1839AC7B2606E5880080F75A /* algebra.cpp in Sources */ = {isa = PBXBuildFile; fileRef = 1839AC792606E5880080F75A /* algebra.cpp */; };
		1839AC7C2606E5880080F75A /* algebra.hpp in Headers */ = {isa = PBXBuildFile; fileRef = 1839AC7A2606E5880080F75A /* algebra.hpp */; };
		1839AC802606EB7A0080F75A /* libopencv_flann.4.5.2.dylib in Frameworks */ = {isa = PBXBuildFile; fileRef = 18E9AC6C25FEE81F00DEAE8F /* libopencv_flann.4.5.2.dylib */; };
		1839AC832606EBE10080F75A /* libopencv_core.4.5.2.dylib in Frameworks */ = {isa = PBXBuildFile; fileRef = 18E9AC6625FEE81F00DEAE8F /* libopencv_core.4.5.2.dylib */; };
		18BE81282606E08500FF7F9E /* Hoppe.hpp in Headers */ = {isa = PBXBuildFile; fileRef = 18BE81272606E08500FF7F9E /* Hoppe.hpp */; };
		18BE812C2606E08500FF7F9E /* Hoppe.cpp in Sources */ = {isa = PBXBuildFile; fileRef = 18BE812B2606E08500FF7F9E /* Hoppe.cpp */; };
		18BE81392606E0F600FF7F9E /* tiny_obj_loader.h in Headers */ = {isa = PBXBuildFile; fileRef = 18BE81362606E0F600FF7F9E /* tiny_obj_loader.h */; };
		18BE813A2606E0F600FF7F9E /* tiny_obj_loader.cc in Sources */ = {isa = PBXBuildFile; fileRef = 18BE81382606E0F600FF7F9E /* tiny_obj_loader.cc */; };
		18BE813D2606E15F00FF7F9E /* libhoppe.dylib in Frameworks */ = {isa = PBXBuildFile; fileRef = 18BE81252606E08400FF7F9E /* libhoppe.dylib */; };
		18BE813E2606E15F00FF7F9E /* libhoppe.dylib in Embed Libraries */ = {isa = PBXBuildFile; fileRef = 18BE81252606E08400FF7F9E /* libhoppe.dylib */; settings = {ATTRIBUTES = (CodeSignOnCopy, ); }; };
		18E9AC3625FEE6BA00DEAE8F /* main.cpp in Sources */ = {isa = PBXBuildFile; fileRef = 18E9AC3525FEE6BA00DEAE8F /* main.cpp */; };
		18E9AC5125FEE6FB00DEAE8F /* libsfm.dylib in Frameworks */ = {isa = PBXBuildFile; fileRef = 18E9AC4125FEE6CB00DEAE8F /* libsfm.dylib */; };
		18E9AC5225FEE6FB00DEAE8F /* libsfm.dylib in Embed Libraries */ = {isa = PBXBuildFile; fileRef = 18E9AC4125FEE6CB00DEAE8F /* libsfm.dylib */; settings = {ATTRIBUTES = (CodeSignOnCopy, ); }; };
		18E9AC5A25FEE79300DEAE8F /* sfm_common.cpp in Sources */ = {isa = PBXBuildFile; fileRef = 18E9AC5825FEE79300DEAE8F /* sfm_common.cpp */; };
		18E9AC5B25FEE79300DEAE8F /* sfm_common.hpp in Headers */ = {isa = PBXBuildFile; fileRef = 18E9AC5925FEE79300DEAE8F /* sfm_common.hpp */; };
		18E9AC6025FEE7A000DEAE8F /* SfM.cpp in Sources */ = {isa = PBXBuildFile; fileRef = 18E9AC5E25FEE7A000DEAE8F /* SfM.cpp */; };
		18E9AC6125FEE7A000DEAE8F /* SfM.hpp in Headers */ = {isa = PBXBuildFile; fileRef = 18E9AC5F25FEE7A000DEAE8F /* SfM.hpp */; };
/* End PBXBuildFile section */

/* Begin PBXContainerItemProxy section */
		18BE813F2606E15F00FF7F9E /* PBXContainerItemProxy */ = {
			isa = PBXContainerItemProxy;
			containerPortal = 18E9AC2A25FEE6BA00DEAE8F /* Project object */;
			proxyType = 1;
			remoteGlobalIDString = 18BE81242606E08400FF7F9E;
			remoteInfo = hoppe;
		};
		18E9AC5325FEE6FB00DEAE8F /* PBXContainerItemProxy */ = {
			isa = PBXContainerItemProxy;
			containerPortal = 18E9AC2A25FEE6BA00DEAE8F /* Project object */;
			proxyType = 1;
			remoteGlobalIDString = 18E9AC4025FEE6CB00DEAE8F;
			remoteInfo = sfm;
		};
/* End PBXContainerItemProxy section */

/* Begin PBXCopyFilesBuildPhase section */
		1839AC6C2606E3C10080F75A /* Embed Libraries */ = {
			isa = PBXCopyFilesBuildPhase;
			buildActionMask = 2147483647;
			dstPath = "";
			dstSubfolderSpec = 10;
			files = (
				1839AC702606E4100080F75A /* libopencv_calib3d.4.5.2.dylib in Embed Libraries */,
				1839AC712606E4100080F75A /* libopencv_core.4.5.2.dylib in Embed Libraries */,
				1839AC722606E4100080F75A /* libopencv_features2d.4.5.2.dylib in Embed Libraries */,
				1839AC732606E4100080F75A /* libopencv_flann.4.5.2.dylib in Embed Libraries */,
				1839AC742606E4100080F75A /* libopencv_highgui.4.5.2.dylib in Embed Libraries */,
				1839AC752606E4100080F75A /* libopencv_imgcodecs.4.5.2.dylib in Embed Libraries */,
				1839AC762606E4100080F75A /* libopencv_imgproc.4.5.2.dylib in Embed Libraries */,
			);
			name = "Embed Libraries";
			runOnlyForDeploymentPostprocessing = 0;
		};
		18E9AC3025FEE6BA00DEAE8F /* CopyFiles */ = {
			isa = PBXCopyFilesBuildPhase;
			buildActionMask = 2147483647;
			dstPath = /usr/share/man/man1/;
			dstSubfolderSpec = 0;
			files = (
			);
			runOnlyForDeploymentPostprocessing = 1;
		};
		18E9AC5525FEE6FC00DEAE8F /* Embed Libraries */ = {
			isa = PBXCopyFilesBuildPhase;
			buildActionMask = 2147483647;
			dstPath = "";
			dstSubfolderSpec = 10;
			files = (
				18BE813E2606E15F00FF7F9E /* libhoppe.dylib in Embed Libraries */,
				18E9AC5225FEE6FB00DEAE8F /* libsfm.dylib in Embed Libraries */,
			);
			name = "Embed Libraries";
			runOnlyForDeploymentPostprocessing = 0;
		};
/* End PBXCopyFilesBuildPhase section */

/* Begin PBXFileReference section */
		1820B9F425FEEF6300C89FBF /* assets */ = {isa = PBXFileReference; lastKnownFileType = folder; path = assets; sourceTree = "<group>"; };
		1820B9F625FEF28A00C89FBF /* FeatureUtil.cpp */ = {isa = PBXFileReference; lastKnownFileType = sourcecode.cpp.cpp; path = FeatureUtil.cpp; sourceTree = "<group>"; };
		1820B9F725FEF28A00C89FBF /* FeatureUtil.hpp */ = {isa = PBXFileReference; lastKnownFileType = sourcecode.cpp.h; path = FeatureUtil.hpp; sourceTree = "<group>"; };
		1820B9FA25FEFC9800C89FBF /* StereoUtil.cpp */ = {isa = PBXFileReference; lastKnownFileType = sourcecode.cpp.cpp; path = StereoUtil.cpp; sourceTree = "<group>"; };
		1820B9FB25FEFC9800C89FBF /* StereoUtil.hpp */ = {isa = PBXFileReference; lastKnownFileType = sourcecode.cpp.h; path = StereoUtil.hpp; sourceTree = "<group>"; };
		1839AC792606E5880080F75A /* algebra.cpp */ = {isa = PBXFileReference; lastKnownFileType = sourcecode.cpp.cpp; path = algebra.cpp; sourceTree = "<group>"; };
		1839AC7A2606E5880080F75A /* algebra.hpp */ = {isa = PBXFileReference; lastKnownFileType = sourcecode.cpp.h; path = algebra.hpp; sourceTree = "<group>"; };
		18BE81252606E08400FF7F9E /* libhoppe.dylib */ = {isa = PBXFileReference; explicitFileType = "compiled.mach-o.dylib"; includeInIndex = 0; path = libhoppe.dylib; sourceTree = BUILT_PRODUCTS_DIR; };
		18BE81272606E08500FF7F9E /* Hoppe.hpp */ = {isa = PBXFileReference; lastKnownFileType = sourcecode.cpp.h; path = Hoppe.hpp; sourceTree = "<group>"; };
		18BE812B2606E08500FF7F9E /* Hoppe.cpp */ = {isa = PBXFileReference; lastKnownFileType = sourcecode.cpp.cpp; path = Hoppe.cpp; sourceTree = "<group>"; };
		18BE81362606E0F600FF7F9E /* tiny_obj_loader.h */ = {isa = PBXFileReference; fileEncoding = 4; lastKnownFileType = sourcecode.c.h; path = tiny_obj_loader.h; sourceTree = "<group>"; };
		18BE81382606E0F600FF7F9E /* tiny_obj_loader.cc */ = {isa = PBXFileReference; fileEncoding = 4; lastKnownFileType = sourcecode.cpp.cpp; path = tiny_obj_loader.cc; sourceTree = "<group>"; };
		18E9AC3225FEE6BA00DEAE8F /* csfm */ = {isa = PBXFileReference; explicitFileType = "compiled.mach-o.executable"; includeInIndex = 0; path = csfm; sourceTree = BUILT_PRODUCTS_DIR; };
		18E9AC3525FEE6BA00DEAE8F /* main.cpp */ = {isa = PBXFileReference; lastKnownFileType = sourcecode.cpp.cpp; path = main.cpp; sourceTree = "<group>"; };
		18E9AC4125FEE6CB00DEAE8F /* libsfm.dylib */ = {isa = PBXFileReference; explicitFileType = "compiled.mach-o.dylib"; includeInIndex = 0; path = libsfm.dylib; sourceTree = BUILT_PRODUCTS_DIR; };
		18E9AC5825FEE79300DEAE8F /* sfm_common.cpp */ = {isa = PBXFileReference; lastKnownFileType = sourcecode.cpp.cpp; path = sfm_common.cpp; sourceTree = "<group>"; };
		18E9AC5925FEE79300DEAE8F /* sfm_common.hpp */ = {isa = PBXFileReference; lastKnownFileType = sourcecode.cpp.h; path = sfm_common.hpp; sourceTree = "<group>"; };
		18E9AC5E25FEE7A000DEAE8F /* SfM.cpp */ = {isa = PBXFileReference; lastKnownFileType = sourcecode.cpp.cpp; path = SfM.cpp; sourceTree = "<group>"; };
		18E9AC5F25FEE7A000DEAE8F /* SfM.hpp */ = {isa = PBXFileReference; lastKnownFileType = sourcecode.cpp.h; path = SfM.hpp; sourceTree = "<group>"; };
		18E9AC6625FEE81F00DEAE8F /* libopencv_core.4.5.2.dylib */ = {isa = PBXFileReference; lastKnownFileType = "compiled.mach-o.dylib"; name = libopencv_core.4.5.2.dylib; path = ../../../../usr/local/lib/libopencv_core.4.5.2.dylib; sourceTree = "<group>"; };
		18E9AC6725FEE81F00DEAE8F /* libopencv_imgcodecs.4.5.2.dylib */ = {isa = PBXFileReference; lastKnownFileType = "compiled.mach-o.dylib"; name = libopencv_imgcodecs.4.5.2.dylib; path = ../../../../usr/local/lib/libopencv_imgcodecs.4.5.2.dylib; sourceTree = "<group>"; };
		18E9AC6825FEE81F00DEAE8F /* libopencv_calib3d.4.5.2.dylib */ = {isa = PBXFileReference; lastKnownFileType = "compiled.mach-o.dylib"; name = libopencv_calib3d.4.5.2.dylib; path = ../../../../usr/local/lib/libopencv_calib3d.4.5.2.dylib; sourceTree = "<group>"; };
		18E9AC6925FEE81F00DEAE8F /* libopencv_features2d.4.5.2.dylib */ = {isa = PBXFileReference; lastKnownFileType = "compiled.mach-o.dylib"; name = libopencv_features2d.4.5.2.dylib; path = ../../../../usr/local/lib/libopencv_features2d.4.5.2.dylib; sourceTree = "<group>"; };
		18E9AC6A25FEE81F00DEAE8F /* libopencv_highgui.4.5.2.dylib */ = {isa = PBXFileReference; lastKnownFileType = "compiled.mach-o.dylib"; name = libopencv_highgui.4.5.2.dylib; path = ../../../../usr/local/lib/libopencv_highgui.4.5.2.dylib; sourceTree = "<group>"; };
		18E9AC6B25FEE81F00DEAE8F /* libopencv_imgproc.4.5.2.dylib */ = {isa = PBXFileReference; lastKnownFileType = "compiled.mach-o.dylib"; name = libopencv_imgproc.4.5.2.dylib; path = ../../../../usr/local/lib/libopencv_imgproc.4.5.2.dylib; sourceTree = "<group>"; };
		18E9AC6C25FEE81F00DEAE8F /* libopencv_flann.4.5.2.dylib */ = {isa = PBXFileReference; lastKnownFileType = "compiled.mach-o.dylib"; name = libopencv_flann.4.5.2.dylib; path = ../../../../usr/local/lib/libopencv_flann.4.5.2.dylib; sourceTree = "<group>"; };
/* End PBXFileReference section */

/* Begin PBXFrameworksBuildPhase section */
		1839AC5F2606E3930080F75A /* Frameworks */ = {
			isa = PBXFrameworksBuildPhase;
			buildActionMask = 2147483647;
			files = (
				1839AC802606EB7A0080F75A /* libopencv_flann.4.5.2.dylib in Frameworks */,
				1839AC642606E3C10080F75A /* libopencv_features2d.4.5.2.dylib in Frameworks */,
				1839AC602606E3C10080F75A /* libopencv_calib3d.4.5.2.dylib in Frameworks */,
				1839AC6A2606E3C10080F75A /* libopencv_imgproc.4.5.2.dylib in Frameworks */,
				1839AC662606E3C10080F75A /* libopencv_highgui.4.5.2.dylib in Frameworks */,
				1839AC622606E3C10080F75A /* libopencv_core.4.5.2.dylib in Frameworks */,
				1839AC682606E3C10080F75A /* libopencv_imgcodecs.4.5.2.dylib in Frameworks */,
			);
			runOnlyForDeploymentPostprocessing = 0;
		};
		18BE81232606E08400FF7F9E /* Frameworks */ = {
			isa = PBXFrameworksBuildPhase;
			buildActionMask = 2147483647;
			files = (
			);
			runOnlyForDeploymentPostprocessing = 0;
		};
		18E9AC2F25FEE6BA00DEAE8F /* Frameworks */ = {
			isa = PBXFrameworksBuildPhase;
			buildActionMask = 2147483647;
			files = (
				18E9AC5125FEE6FB00DEAE8F /* libsfm.dylib in Frameworks */,
				18BE813D2606E15F00FF7F9E /* libhoppe.dylib in Frameworks */,
				1839AC832606EBE10080F75A /* libopencv_core.4.5.2.dylib in Frameworks */,
			);
			runOnlyForDeploymentPostprocessing = 0;
		};
/* End PBXFrameworksBuildPhase section */

/* Begin PBXGroup section */
		18BE81262606E08500FF7F9E /* hoppe */ = {
			isa = PBXGroup;
			children = (
				18BE81272606E08500FF7F9E /* Hoppe.hpp */,
				18BE812B2606E08500FF7F9E /* Hoppe.cpp */,
				1839AC792606E5880080F75A /* algebra.cpp */,
				1839AC7A2606E5880080F75A /* algebra.hpp */,
			);
			path = hoppe;
			sourceTree = "<group>";
		};
		18BE81332606E0BF00FF7F9E /* dep */ = {
			isa = PBXGroup;
			children = (
				18BE81342606E0F600FF7F9E /* tinyobjloader */,
			);
			path = dep;
			sourceTree = "<group>";
		};
		18BE81342606E0F600FF7F9E /* tinyobjloader */ = {
			isa = PBXGroup;
			children = (
				18BE81352606E0F600FF7F9E /* include */,
				18BE81372606E0F600FF7F9E /* src */,
			);
			path = tinyobjloader;
			sourceTree = "<group>";
		};
		18BE81352606E0F600FF7F9E /* include */ = {
			isa = PBXGroup;
			children = (
				18BE81362606E0F600FF7F9E /* tiny_obj_loader.h */,
			);
			path = include;
			sourceTree = "<group>";
		};
		18BE81372606E0F600FF7F9E /* src */ = {
			isa = PBXGroup;
			children = (
				18BE81382606E0F600FF7F9E /* tiny_obj_loader.cc */,
			);
			path = src;
			sourceTree = "<group>";
		};
		18E9AC2925FEE6BA00DEAE8F = {
			isa = PBXGroup;
			children = (
				18BE81332606E0BF00FF7F9E /* dep */,
				1820B9F425FEEF6300C89FBF /* assets */,
				18E9AC3425FEE6BA00DEAE8F /* csfm */,
				18E9AC4225FEE6CB00DEAE8F /* sfm */,
				18BE81262606E08500FF7F9E /* hoppe */,
				18E9AC3325FEE6BA00DEAE8F /* Products */,
				18E9AC5025FEE6FB00DEAE8F /* Frameworks */,
			);
			sourceTree = "<group>";
		};
		18E9AC3325FEE6BA00DEAE8F /* Products */ = {
			isa = PBXGroup;
			children = (
				18E9AC3225FEE6BA00DEAE8F /* csfm */,
				18E9AC4125FEE6CB00DEAE8F /* libsfm.dylib */,
				18BE81252606E08400FF7F9E /* libhoppe.dylib */,
			);
			name = Products;
			sourceTree = "<group>";
		};
		18E9AC3425FEE6BA00DEAE8F /* csfm */ = {
			isa = PBXGroup;
			children = (
				18E9AC3525FEE6BA00DEAE8F /* main.cpp */,
			);
			path = csfm;
			sourceTree = "<group>";
		};
		18E9AC4225FEE6CB00DEAE8F /* sfm */ = {
			isa = PBXGroup;
			children = (
				18E9AC5825FEE79300DEAE8F /* sfm_common.cpp */,
				18E9AC5925FEE79300DEAE8F /* sfm_common.hpp */,
				18E9AC5E25FEE7A000DEAE8F /* SfM.cpp */,
				18E9AC5F25FEE7A000DEAE8F /* SfM.hpp */,
				1820B9F625FEF28A00C89FBF /* FeatureUtil.cpp */,
				1820B9F725FEF28A00C89FBF /* FeatureUtil.hpp */,
				1820B9FA25FEFC9800C89FBF /* StereoUtil.cpp */,
				1820B9FB25FEFC9800C89FBF /* StereoUtil.hpp */,
			);
			path = sfm;
			sourceTree = "<group>";
		};
		18E9AC5025FEE6FB00DEAE8F /* Frameworks */ = {
			isa = PBXGroup;
			children = (
				18E9AC6825FEE81F00DEAE8F /* libopencv_calib3d.4.5.2.dylib */,
				18E9AC6625FEE81F00DEAE8F /* libopencv_core.4.5.2.dylib */,
				18E9AC6925FEE81F00DEAE8F /* libopencv_features2d.4.5.2.dylib */,
				18E9AC6C25FEE81F00DEAE8F /* libopencv_flann.4.5.2.dylib */,
				18E9AC6A25FEE81F00DEAE8F /* libopencv_highgui.4.5.2.dylib */,
				18E9AC6725FEE81F00DEAE8F /* libopencv_imgcodecs.4.5.2.dylib */,
				18E9AC6B25FEE81F00DEAE8F /* libopencv_imgproc.4.5.2.dylib */,
			);
			name = Frameworks;
			sourceTree = "<group>";
		};
/* End PBXGroup section */

/* Begin PBXHeadersBuildPhase section */
		18BE81212606E08400FF7F9E /* Headers */ = {
			isa = PBXHeadersBuildPhase;
			buildActionMask = 2147483647;
			files = (
				1839AC7C2606E5880080F75A /* algebra.hpp in Headers */,
				18BE81282606E08500FF7F9E /* Hoppe.hpp in Headers */,
				18BE81392606E0F600FF7F9E /* tiny_obj_loader.h in Headers */,
			);
			runOnlyForDeploymentPostprocessing = 0;
		};
		18E9AC3D25FEE6CB00DEAE8F /* Headers */ = {
			isa = PBXHeadersBuildPhase;
			buildActionMask = 2147483647;
			files = (
				1820B9FD25FEFC9800C89FBF /* StereoUtil.hpp in Headers */,
				1820B9F925FEF28A00C89FBF /* FeatureUtil.hpp in Headers */,
				18E9AC5B25FEE79300DEAE8F /* sfm_common.hpp in Headers */,
				18E9AC6125FEE7A000DEAE8F /* SfM.hpp in Headers */,
			);
			runOnlyForDeploymentPostprocessing = 0;
		};
/* End PBXHeadersBuildPhase section */

/* Begin PBXNativeTarget section */
		18BE81242606E08400FF7F9E /* hoppe */ = {
			isa = PBXNativeTarget;
			buildConfigurationList = 18BE812F2606E08500FF7F9E /* Build configuration list for PBXNativeTarget "hoppe" */;
			buildPhases = (
				18BE81212606E08400FF7F9E /* Headers */,
				18BE81222606E08400FF7F9E /* Sources */,
				18BE81232606E08400FF7F9E /* Frameworks */,
			);
			buildRules = (
			);
			dependencies = (
			);
			name = hoppe;
			productName = hoppe;
			productReference = 18BE81252606E08400FF7F9E /* libhoppe.dylib */;
			productType = "com.apple.product-type.library.dynamic";
		};
		18E9AC3125FEE6BA00DEAE8F /* csfm */ = {
			isa = PBXNativeTarget;
			buildConfigurationList = 18E9AC3925FEE6BA00DEAE8F /* Build configuration list for PBXNativeTarget "csfm" */;
			buildPhases = (
				18E9AC2F25FEE6BA00DEAE8F /* Frameworks */,
				1820B9F525FEEF6A00C89FBF /* ShellScript */,
				18E9AC3025FEE6BA00DEAE8F /* CopyFiles */,
				18E9AC5525FEE6FC00DEAE8F /* Embed Libraries */,
				18E9AC2E25FEE6BA00DEAE8F /* Sources */,
			);
			buildRules = (
			);
			dependencies = (
				18E9AC5425FEE6FB00DEAE8F /* PBXTargetDependency */,
				18BE81402606E15F00FF7F9E /* PBXTargetDependency */,
			);
			name = csfm;
			productName = csfm;
			productReference = 18E9AC3225FEE6BA00DEAE8F /* csfm */;
			productType = "com.apple.product-type.tool";
		};
		18E9AC4025FEE6CB00DEAE8F /* sfm */ = {
			isa = PBXNativeTarget;
			buildConfigurationList = 18E9AC4925FEE6CB00DEAE8F /* Build configuration list for PBXNativeTarget "sfm" */;
			buildPhases = (
				18E9AC3D25FEE6CB00DEAE8F /* Headers */,
				18E9AC3E25FEE6CB00DEAE8F /* Sources */,
				1839AC5F2606E3930080F75A /* Frameworks */,
				1839AC6C2606E3C10080F75A /* Embed Libraries */,
			);
			buildRules = (
			);
			dependencies = (
			);
			name = sfm;
			productName = sfm;
			productReference = 18E9AC4125FEE6CB00DEAE8F /* libsfm.dylib */;
			productType = "com.apple.product-type.library.dynamic";
		};
/* End PBXNativeTarget section */

/* Begin PBXProject section */
		18E9AC2A25FEE6BA00DEAE8F /* Project object */ = {
			isa = PBXProject;
			attributes = {
				LastUpgradeCheck = 1220;
				TargetAttributes = {
					18BE81242606E08400FF7F9E = {
						CreatedOnToolsVersion = 12.2;
					};
					18E9AC3125FEE6BA00DEAE8F = {
						CreatedOnToolsVersion = 12.2;
					};
					18E9AC4025FEE6CB00DEAE8F = {
						CreatedOnToolsVersion = 12.2;
					};
				};
			};
			buildConfigurationList = 18E9AC2D25FEE6BA00DEAE8F /* Build configuration list for PBXProject "csfm" */;
			compatibilityVersion = "Xcode 9.3";
			developmentRegion = en;
			hasScannedForEncodings = 0;
			knownRegions = (
				en,
				Base,
			);
			mainGroup = 18E9AC2925FEE6BA00DEAE8F;
			productRefGroup = 18E9AC3325FEE6BA00DEAE8F /* Products */;
			projectDirPath = "";
			projectRoot = "";
			targets = (
				18E9AC3125FEE6BA00DEAE8F /* csfm */,
				18E9AC4025FEE6CB00DEAE8F /* sfm */,
				18BE81242606E08400FF7F9E /* hoppe */,
			);
		};
/* End PBXProject section */

/* Begin PBXShellScriptBuildPhase section */
		1820B9F525FEEF6A00C89FBF /* ShellScript */ = {
			isa = PBXShellScriptBuildPhase;
			buildActionMask = 2147483647;
			files = (
			);
			inputFileListPaths = (
			);
			inputPaths = (
			);
			outputFileListPaths = (
			);
			outputPaths = (
			);
			runOnlyForDeploymentPostprocessing = 0;
			shellPath = /bin/sh;
			shellScript = "cp -r ${SRCROOT}/assets ${BUILT_PRODUCTS_DIR}\n";
		};
/* End PBXShellScriptBuildPhase section */

/* Begin PBXSourcesBuildPhase section */
		18BE81222606E08400FF7F9E /* Sources */ = {
			isa = PBXSourcesBuildPhase;
			buildActionMask = 2147483647;
			files = (
				18BE813A2606E0F600FF7F9E /* tiny_obj_loader.cc in Sources */,
				18BE812C2606E08500FF7F9E /* Hoppe.cpp in Sources */,
				1839AC7B2606E5880080F75A /* algebra.cpp in Sources */,
			);
			runOnlyForDeploymentPostprocessing = 0;
		};
		18E9AC2E25FEE6BA00DEAE8F /* Sources */ = {
			isa = PBXSourcesBuildPhase;
			buildActionMask = 2147483647;
			files = (
				18E9AC3625FEE6BA00DEAE8F /* main.cpp in Sources */,
			);
			runOnlyForDeploymentPostprocessing = 0;
		};
		18E9AC3E25FEE6CB00DEAE8F /* Sources */ = {
			isa = PBXSourcesBuildPhase;
			buildActionMask = 2147483647;
			files = (
				1820B9F825FEF28A00C89FBF /* FeatureUtil.cpp in Sources */,
				18E9AC6025FEE7A000DEAE8F /* SfM.cpp in Sources */,
				18E9AC5A25FEE79300DEAE8F /* sfm_common.cpp in Sources */,
				1820B9FC25FEFC9800C89FBF /* StereoUtil.cpp in Sources */,
			);
			runOnlyForDeploymentPostprocessing = 0;
		};
/* End PBXSourcesBuildPhase section */

/* Begin PBXTargetDependency section */
		18BE81402606E15F00FF7F9E /* PBXTargetDependency */ = {
			isa = PBXTargetDependency;
			target = 18BE81242606E08400FF7F9E /* hoppe */;
			targetProxy = 18BE813F2606E15F00FF7F9E /* PBXContainerItemProxy */;
		};
		18E9AC5425FEE6FB00DEAE8F /* PBXTargetDependency */ = {
			isa = PBXTargetDependency;
			target = 18E9AC4025FEE6CB00DEAE8F /* sfm */;
			targetProxy = 18E9AC5325FEE6FB00DEAE8F /* PBXContainerItemProxy */;
		};
/* End PBXTargetDependency section */

/* Begin XCBuildConfiguration section */
		18BE812D2606E08500FF7F9E /* Debug */ = {
			isa = XCBuildConfiguration;
			buildSettings = {
				CODE_SIGN_STYLE = Automatic;
				DEVELOPMENT_TEAM = KL2JALR869;
				DYLIB_COMPATIBILITY_VERSION = 1;
				DYLIB_CURRENT_VERSION = 1;
				EXECUTABLE_PREFIX = lib;
				GCC_ENABLE_CPP_EXCEPTIONS = YES;
				GCC_ENABLE_CPP_RTTI = YES;
				GCC_SYMBOLS_PRIVATE_EXTERN = YES;
				HEADER_SEARCH_PATHS = "$(SRCROOT)/dep/tinyobjloader/include";
				PRODUCT_NAME = "$(TARGET_NAME)";
				SKIP_INSTALL = YES;
			};
			name = Debug;
		};
		18BE812E2606E08500FF7F9E /* Release */ = {
			isa = XCBuildConfiguration;
			buildSettings = {
				CODE_SIGN_STYLE = Automatic;
				DEVELOPMENT_TEAM = KL2JALR869;
				DYLIB_COMPATIBILITY_VERSION = 1;
				DYLIB_CURRENT_VERSION = 1;
				EXECUTABLE_PREFIX = lib;
				GCC_ENABLE_CPP_EXCEPTIONS = YES;
				GCC_ENABLE_CPP_RTTI = YES;
				GCC_SYMBOLS_PRIVATE_EXTERN = YES;
				HEADER_SEARCH_PATHS = "$(SRCROOT)/dep/tinyobjloader/include";
				PRODUCT_NAME = "$(TARGET_NAME)";
				SKIP_INSTALL = YES;
			};
			name = Release;
		};
		18E9AC3725FEE6BA00DEAE8F /* Debug */ = {
			isa = XCBuildConfiguration;
			buildSettings = {
				ALWAYS_SEARCH_USER_PATHS = NO;
				CLANG_ANALYZER_NONNULL = YES;
				CLANG_ANALYZER_NUMBER_OBJECT_CONVERSION = YES_AGGRESSIVE;
				CLANG_CXX_LANGUAGE_STANDARD = "gnu++14";
				CLANG_CXX_LIBRARY = "libc++";
				CLANG_ENABLE_MODULES = YES;
				CLANG_ENABLE_OBJC_ARC = YES;
				CLANG_ENABLE_OBJC_WEAK = YES;
				CLANG_WARN_BLOCK_CAPTURE_AUTORELEASING = YES;
				CLANG_WARN_BOOL_CONVERSION = YES;
				CLANG_WARN_COMMA = YES;
				CLANG_WARN_CONSTANT_CONVERSION = YES;
				CLANG_WARN_DEPRECATED_OBJC_IMPLEMENTATIONS = YES;
				CLANG_WARN_DIRECT_OBJC_ISA_USAGE = YES_ERROR;
				CLANG_WARN_DOCUMENTATION_COMMENTS = YES;
				CLANG_WARN_EMPTY_BODY = YES;
				CLANG_WARN_ENUM_CONVERSION = YES;
				CLANG_WARN_INFINITE_RECURSION = YES;
				CLANG_WARN_INT_CONVERSION = YES;
				CLANG_WARN_NON_LITERAL_NULL_CONVERSION = YES;
				CLANG_WARN_OBJC_IMPLICIT_RETAIN_SELF = YES;
				CLANG_WARN_OBJC_LITERAL_CONVERSION = YES;
				CLANG_WARN_OBJC_ROOT_CLASS = YES_ERROR;
				CLANG_WARN_QUOTED_INCLUDE_IN_FRAMEWORK_HEADER = YES;
				CLANG_WARN_RANGE_LOOP_ANALYSIS = YES;
				CLANG_WARN_STRICT_PROTOTYPES = YES;
				CLANG_WARN_SUSPICIOUS_MOVE = YES;
				CLANG_WARN_UNGUARDED_AVAILABILITY = YES_AGGRESSIVE;
				CLANG_WARN_UNREACHABLE_CODE = YES;
				CLANG_WARN__DUPLICATE_METHOD_MATCH = YES;
				COPY_PHASE_STRIP = NO;
				DEBUG_INFORMATION_FORMAT = dwarf;
				ENABLE_STRICT_OBJC_MSGSEND = YES;
				ENABLE_TESTABILITY = YES;
				GCC_C_LANGUAGE_STANDARD = gnu11;
				GCC_DYNAMIC_NO_PIC = NO;
				GCC_NO_COMMON_BLOCKS = YES;
				GCC_OPTIMIZATION_LEVEL = 0;
				GCC_PREPROCESSOR_DEFINITIONS = (
					"DEBUG=1",
					"$(inherited)",
				);
				GCC_WARN_64_TO_32_BIT_CONVERSION = YES;
				GCC_WARN_ABOUT_RETURN_TYPE = YES_ERROR;
				GCC_WARN_UNDECLARED_SELECTOR = YES;
				GCC_WARN_UNINITIALIZED_AUTOS = YES_AGGRESSIVE;
				GCC_WARN_UNUSED_FUNCTION = YES;
				GCC_WARN_UNUSED_VARIABLE = YES;
				MACOSX_DEPLOYMENT_TARGET = 11.0;
				MTL_ENABLE_DEBUG_INFO = INCLUDE_SOURCE;
				MTL_FAST_MATH = YES;
				ONLY_ACTIVE_ARCH = YES;
				SDKROOT = macosx;
			};
			name = Debug;
		};
		18E9AC3825FEE6BA00DEAE8F /* Release */ = {
			isa = XCBuildConfiguration;
			buildSettings = {
				ALWAYS_SEARCH_USER_PATHS = NO;
				CLANG_ANALYZER_NONNULL = YES;
				CLANG_ANALYZER_NUMBER_OBJECT_CONVERSION = YES_AGGRESSIVE;
				CLANG_CXX_LANGUAGE_STANDARD = "gnu++14";
				CLANG_CXX_LIBRARY = "libc++";
				CLANG_ENABLE_MODULES = YES;
				CLANG_ENABLE_OBJC_ARC = YES;
				CLANG_ENABLE_OBJC_WEAK = YES;
				CLANG_WARN_BLOCK_CAPTURE_AUTORELEASING = YES;
				CLANG_WARN_BOOL_CONVERSION = YES;
				CLANG_WARN_COMMA = YES;
				CLANG_WARN_CONSTANT_CONVERSION = YES;
				CLANG_WARN_DEPRECATED_OBJC_IMPLEMENTATIONS = YES;
				CLANG_WARN_DIRECT_OBJC_ISA_USAGE = YES_ERROR;
				CLANG_WARN_DOCUMENTATION_COMMENTS = YES;
				CLANG_WARN_EMPTY_BODY = YES;
				CLANG_WARN_ENUM_CONVERSION = YES;
				CLANG_WARN_INFINITE_RECURSION = YES;
				CLANG_WARN_INT_CONVERSION = YES;
				CLANG_WARN_NON_LITERAL_NULL_CONVERSION = YES;
				CLANG_WARN_OBJC_IMPLICIT_RETAIN_SELF = YES;
				CLANG_WARN_OBJC_LITERAL_CONVERSION = YES;
				CLANG_WARN_OBJC_ROOT_CLASS = YES_ERROR;
				CLANG_WARN_QUOTED_INCLUDE_IN_FRAMEWORK_HEADER = YES;
				CLANG_WARN_RANGE_LOOP_ANALYSIS = YES;
				CLANG_WARN_STRICT_PROTOTYPES = YES;
				CLANG_WARN_SUSPICIOUS_MOVE = YES;
				CLANG_WARN_UNGUARDED_AVAILABILITY = YES_AGGRESSIVE;
				CLANG_WARN_UNREACHABLE_CODE = YES;
				CLANG_WARN__DUPLICATE_METHOD_MATCH = YES;
				COPY_PHASE_STRIP = NO;
				DEBUG_INFORMATION_FORMAT = "dwarf-with-dsym";
				ENABLE_NS_ASSERTIONS = NO;
				ENABLE_STRICT_OBJC_MSGSEND = YES;
				GCC_C_LANGUAGE_STANDARD = gnu11;
				GCC_NO_COMMON_BLOCKS = YES;
				GCC_WARN_64_TO_32_BIT_CONVERSION = YES;
				GCC_WARN_ABOUT_RETURN_TYPE = YES_ERROR;
				GCC_WARN_UNDECLARED_SELECTOR = YES;
				GCC_WARN_UNINITIALIZED_AUTOS = YES_AGGRESSIVE;
				GCC_WARN_UNUSED_FUNCTION = YES;
				GCC_WARN_UNUSED_VARIABLE = YES;
				MACOSX_DEPLOYMENT_TARGET = 11.0;
				MTL_ENABLE_DEBUG_INFO = NO;
				MTL_FAST_MATH = YES;
				SDKROOT = macosx;
			};
			name = Release;
		};
		18E9AC3A25FEE6BA00DEAE8F /* Debug */ = {
			isa = XCBuildConfiguration;
			buildSettings = {
				CODE_SIGN_STYLE = Automatic;
				DEVELOPMENT_TEAM = KL2JALR869;
				ENABLE_HARDENED_RUNTIME = YES;
				HEADER_SEARCH_PATHS = (
					"$(SRCROOT)/sfm",
					/usr/local/include/opencv4,
					"$(SRCROOT)/hoppe",
				);
				LIBRARY_SEARCH_PATHS = /usr/local/lib;
				PRODUCT_NAME = "$(TARGET_NAME)";
			};
			name = Debug;
		};
		18E9AC3B25FEE6BA00DEAE8F /* Release */ = {
			isa = XCBuildConfiguration;
			buildSettings = {
				CODE_SIGN_STYLE = Automatic;
				DEVELOPMENT_TEAM = KL2JALR869;
				ENABLE_HARDENED_RUNTIME = YES;
				HEADER_SEARCH_PATHS = (
					"$(SRCROOT)/sfm",
					/usr/local/include/opencv4,
					"$(SRCROOT)/hoppe",
				);
				LIBRARY_SEARCH_PATHS = /usr/local/lib;
				PRODUCT_NAME = "$(TARGET_NAME)";
			};
			name = Release;
		};
		18E9AC4A25FEE6CB00DEAE8F /* Debug */ = {
			isa = XCBuildConfiguration;
			buildSettings = {
				CLANG_CXX_LANGUAGE_STANDARD = "gnu++17";
				CODE_SIGN_STYLE = Automatic;
				DEVELOPMENT_TEAM = KL2JALR869;
				DYLIB_COMPATIBILITY_VERSION = 1;
				DYLIB_CURRENT_VERSION = 1;
				EXECUTABLE_PREFIX = lib;
				GCC_ENABLE_CPP_EXCEPTIONS = YES;
				GCC_ENABLE_CPP_RTTI = YES;
				GCC_SYMBOLS_PRIVATE_EXTERN = YES;
				HEADER_SEARCH_PATHS = /usr/local/include/opencv4;
				LIBRARY_SEARCH_PATHS = /usr/local/lib;
				PRODUCT_NAME = "$(TARGET_NAME)";
				SKIP_INSTALL = YES;
			};
			name = Debug;
		};
		18E9AC4B25FEE6CB00DEAE8F /* Release */ = {
			isa = XCBuildConfiguration;
			buildSettings = {
				CLANG_CXX_LANGUAGE_STANDARD = "gnu++17";
				CODE_SIGN_STYLE = Automatic;
				DEVELOPMENT_TEAM = KL2JALR869;
				DYLIB_COMPATIBILITY_VERSION = 1;
				DYLIB_CURRENT_VERSION = 1;
				EXECUTABLE_PREFIX = lib;
				GCC_ENABLE_CPP_EXCEPTIONS = YES;
				GCC_ENABLE_CPP_RTTI = YES;
				GCC_SYMBOLS_PRIVATE_EXTERN = YES;
				HEADER_SEARCH_PATHS = /usr/local/include/opencv4;
				LIBRARY_SEARCH_PATHS = /usr/local/lib;
				PRODUCT_NAME = "$(TARGET_NAME)";
				SKIP_INSTALL = YES;
			};
			name = Release;
		};
/* End XCBuildConfiguration section */

/* Begin XCConfigurationList section */
		18BE812F2606E08500FF7F9E /* Build configuration list for PBXNativeTarget "hoppe" */ = {
			isa = XCConfigurationList;
			buildConfigurations = (
				18BE812D2606E08500FF7F9E /* Debug */,
				18BE812E2606E08500FF7F9E /* Release */,
			);
			defaultConfigurationIsVisible = 0;
			defaultConfigurationName = Release;
		};
		18E9AC2D25FEE6BA00DEAE8F /* Build configuration list for PBXProject "csfm" */ = {
			isa = XCConfigurationList;
			buildConfigurations = (
				18E9AC3725FEE6BA00DEAE8F /* Debug */,
				18E9AC3825FEE6BA00DEAE8F /* Release */,
			);
			defaultConfigurationIsVisible = 0;
			defaultConfigurationName = Release;
		};
		18E9AC3925FEE6BA00DEAE8F /* Build configuration list for PBXNativeTarget "csfm" */ = {
			isa = XCConfigurationList;
			buildConfigurations = (
				18E9AC3A25FEE6BA00DEAE8F /* Debug */,
				18E9AC3B25FEE6BA00DEAE8F /* Release */,
			);
			defaultConfigurationIsVisible = 0;
			defaultConfigurationName = Release;
		};
		18E9AC4925FEE6CB00DEAE8F /* Build configuration list for PBXNativeTarget "sfm" */ = {
			isa = XCConfigurationList;
			buildConfigurations = (
				18E9AC4A25FEE6CB00DEAE8F /* Debug */,
				18E9AC4B25FEE6CB00DEAE8F /* Release */,
			);
			defaultConfigurationIsVisible = 0;
			defaultConfigurationName = Release;
		};
/* End XCConfigurationList section */
	};
	rootObject = 18E9AC2A25FEE6BA00DEAE8F /* Project object */;
}
